
Microsoft Visual Studio Solution File, Format Version 12.00
# Visual Studio Version 16
VisualStudioVersion = 16.0.29326.143
MinimumVisualStudioVersion = 10.0.40219.1
Project("{9A19103F-16F7-4668-BE54-9A1E7A4F7556}") = "OfficeFaceRecognition", "OfficeFaceRecognition\OfficeFaceRecognition.csproj", "{343618F4-7DC4-4DD0-A544-E5A6A2E7285C}"
	ProjectSection(ProjectDependencies) = postProject
		{F862AD5C-4FE9-4740-AA31-C42242B9748F} = {F862AD5C-4FE9-4740-AA31-C42242B9748F}
	EndProjectSection
EndProject
Project("{FAE04EC0-301F-11D3-BF4B-00C04F79EFBC}") = "FaceDetect", "FaceDetect\FaceDetect.csproj", "{E8A4DE5C-BE26-445F-BEBD-8C99C80857E1}"
EndProject
Project("{9A19103F-16F7-4668-BE54-9A1E7A4F7556}") = "FaceRecognition", "FaceRecognition\FaceRecognition.csproj", "{B82339FA-4DCB-40C7-9C1F-3ED3C1B24E92}"
	ProjectSection(ProjectDependencies) = postProject
		{F862AD5C-4FE9-4740-AA31-C42242B9748F} = {F862AD5C-4FE9-4740-AA31-C42242B9748F}
	EndProjectSection
EndProject
Project("{9A19103F-16F7-4668-BE54-9A1E7A4F7556}") = "FaceRecognitionDatabase", "FaceRecognitionDatabase\FaceRecognitionDatabase.csproj", "{F862AD5C-4FE9-4740-AA31-C42242B9748F}"
EndProject
Global
	GlobalSection(SolutionConfigurationPlatforms) = preSolution
		Debug|Any CPU = Debug|Any CPU
		Debug|x64 = Debug|x64
		Release|Any CPU = Release|Any CPU
		Release|x64 = Release|x64
	EndGlobalSection
	GlobalSection(ProjectConfigurationPlatforms) = postSolution
		{343618F4-7DC4-4DD0-A544-E5A6A2E7285C}.Debug|Any CPU.ActiveCfg = Debug|Any CPU
		{343618F4-7DC4-4DD0-A544-E5A6A2E7285C}.Debug|Any CPU.Build.0 = Debug|Any CPU
		{343618F4-7DC4-4DD0-A544-E5A6A2E7285C}.Debug|x64.ActiveCfg = Debug|x64
		{343618F4-7DC4-4DD0-A544-E5A6A2E7285C}.Debug|x64.Build.0 = Debug|x64
		{343618F4-7DC4-4DD0-A544-E5A6A2E7285C}.Release|Any CPU.ActiveCfg = Release|Any CPU
		{343618F4-7DC4-4DD0-A544-E5A6A2E7285C}.Release|Any CPU.Build.0 = Release|Any CPU
		{343618F4-7DC4-4DD0-A544-E5A6A2E7285C}.Release|x64.ActiveCfg = Release|x64
		{343618F4-7DC4-4DD0-A544-E5A6A2E7285C}.Release|x64.Build.0 = Release|x64
		{E8A4DE5C-BE26-445F-BEBD-8C99C80857E1}.Debug|Any CPU.ActiveCfg = Debug|Any CPU
		{E8A4DE5C-BE26-445F-BEBD-8C99C80857E1}.Debug|Any CPU.Build.0 = Debug|Any CPU
		{E8A4DE5C-BE26-445F-BEBD-8C99C80857E1}.Debug|x64.ActiveCfg = Debug|x64
		{E8A4DE5C-BE26-445F-BEBD-8C99C80857E1}.Debug|x64.Build.0 = Debug|x64
		{E8A4DE5C-BE26-445F-BEBD-8C99C80857E1}.Release|Any CPU.ActiveCfg = Release|Any CPU
		{E8A4DE5C-BE26-445F-BEBD-8C99C80857E1}.Release|Any CPU.Build.0 = Release|Any CPU
		{E8A4DE5C-BE26-445F-BEBD-8C99C80857E1}.Release|x64.ActiveCfg = Release|x64
		{E8A4DE5C-BE26-445F-BEBD-8C99C80857E1}.Release|x64.Build.0 = Release|x64
		{B82339FA-4DCB-40C7-9C1F-3ED3C1B24E92}.Debug|Any CPU.ActiveCfg = Debug|Any CPU
		{B82339FA-4DCB-40C7-9C1F-3ED3C1B24E92}.Debug|Any CPU.Build.0 = Debug|Any CPU
		{B82339FA-4DCB-40C7-9C1F-3ED3C1B24E92}.Debug|x64.ActiveCfg = Debug|x64
		{B82339FA-4DCB-40C7-9C1F-3ED3C1B24E92}.Debug|x64.Build.0 = Debug|x64
		{B82339FA-4DCB-40C7-9C1F-3ED3C1B24E92}.Release|Any CPU.ActiveCfg = Release|Any CPU
		{B82339FA-4DCB-40C7-9C1F-3ED3C1B24E92}.Release|Any CPU.Build.0 = Release|Any CPU
		{B82339FA-4DCB-40C7-9C1F-3ED3C1B24E92}.Release|x64.ActiveCfg = Release|x64
		{B82339FA-4DCB-40C7-9C1F-3ED3C1B24E92}.Release|x64.Build.0 = Release|x64
		{F862AD5C-4FE9-4740-AA31-C42242B9748F}.Debug|Any CPU.ActiveCfg = Debug|Any CPU
		{F862AD5C-4FE9-4740-AA31-C42242B9748F}.Debug|Any CPU.Build.0 = Debug|Any CPU
		{F862AD5C-4FE9-4740-AA31-C42242B9748F}.Debug|x64.ActiveCfg = Debug|x64
		{F862AD5C-4FE9-4740-AA31-C42242B9748F}.Debug|x64.Build.0 = Debug|x64
		{F862AD5C-4FE9-4740-AA31-C42242B9748F}.Release|Any CPU.ActiveCfg = Release|Any CPU
		{F862AD5C-4FE9-4740-AA31-C42242B9748F}.Release|Any CPU.Build.0 = Release|Any CPU
		{F862AD5C-4FE9-4740-AA31-C42242B9748F}.Release|x64.ActiveCfg = Release|x64
		{F862AD5C-4FE9-4740-AA31-C42242B9748F}.Release|x64.Build.0 = Release|x64
	EndGlobalSection
	GlobalSection(SolutionProperties) = preSolution
		HideSolutionNode = FALSE
	EndGlobalSection
	GlobalSection(ExtensibilityGlobals) = postSolution
		SolutionGuid = {2AF2048D-B484-43A9-AB44-6D8E8EA2A597}
	EndGlobalSection
EndGlobal
